
Microsoft Visual Studio Solution File, Format Version 12.00
# Visual Studio Version 17
VisualStudioVersion = 17.0.31903.59
MinimumVisualStudioVersion = 10.0.40219.1
Project("{FAE04EC0-301F-11D3-BF4B-00C04F79EFBC}") = "Integrator", "Integrator\Integrator.csproj", "{48BF815C-D2E6-42D5-8695-181AAC99703D}"
EndProject
Global
	GlobalSection(SolutionConfigurationPlatforms) = preSolution
		Debug|Any CPU = Debug|Any CPU
		Release|Any CPU = Release|Any CPU
	EndGlobalSection
	GlobalSection(ProjectConfigurationPlatforms) = postSolution
		{48BF815C-D2E6-42D5-8695-181AAC99703D}.Debug|Any CPU.ActiveCfg = Debug|Any CPU
		{48BF815C-D2E6-42D5-8695-181AAC99703D}.Debug|Any CPU.Build.0 = Debug|Any CPU
		{48BF815C-D2E6-42D5-8695-181AAC99703D}.Release|Any CPU.ActiveCfg = Release|Any CPU
		{48BF815C-D2E6-42D5-8695-181AAC99703D}.Release|Any CPU.Build.0 = Release|Any CPU
	EndGlobalSection
	GlobalSection(SolutionProperties) = preSolution
		HideSolutionNode = FALSE
	EndGlobalSection
	GlobalSection(ExtensibilityGlobals) = postSolution
		SolutionGuid = {AF8DC046-6419-4642-B8B2-004E61DED2DE}
	EndGlobalSection
EndGlobal
